{
  "version": "1.0.0",
  "lockfileVersion": 1,
  "requires": true,
  "dependencies": {
    "@fk/Errno": {
      "version": "1.0.1",
      "resolved": "http://registry.npm.faidev.cc/@fk/Errno/download/@fk/Errno-1.0.1.tgz",
      "integrity": "sha1-KWjrOFPDjmKLLc0txh3AoznNSZs="
    },
    "@fk/FaiBuffer": {
      "version": "1.0.6",
      "resolved": "http://registry.npm.faidev.cc/@fk/FaiBuffer/download/@fk/FaiBuffer-1.0.6.tgz",
      "integrity": "sha1-qO1rGEAr1U+FPWT+GdY58dqFp0A=",
      "requires": {
        "@fk/Errno": "^1.0.1",
        "byte": "^2.0.0",
        "debug": "^4.1.1"
      }
    },
    "@fk/genChksum": {
      "version": "1.0.1",
      "resolved": "http://registry.npm.faidev.cc/@fk/genChksum/download/@fk/genChksum-1.0.1.tgz",
      "integrity": "sha1-KWR6et876w96PzolteWTD/jCguc="
    },
    "@fk/rpc-node": {
      "version": "0.1.0",
      "resolved": "http://registry.npm.faidev.cc/@fk/rpc-node/download/@fk/rpc-node-0.1.0.tgz",
      "integrity": "sha1-fnqgOdFoSfNvNbdo6P9GecLdLT4=",
      "requires": {
        "address": "^1.1.2",
        "assert": "^2.0.0",
        "byte": "^2.0.0",
        "graceful": "^1.0.2",
        "is-type-of": "^1.2.1",
        "pump": "^3.0.0",
        "sdk-base": "^3.6.0"
      }
    },
    "@fk/vue-ssr-service": {
      "version": "1.0.1",
      "resolved": "http://registry.npm.faidev.cc/@fk/vue-ssr-service/download/@fk/vue-ssr-service-1.0.1.tgz",
      "integrity": "sha1-XsFeRIDc3U461uTcuo6Lngnm4nA=",
      "requires": {
        "assert": "^2.0.0"
      }
    },
    "address": {
      "version": "1.1.2",
      "resolved": "https://registry.npm.taobao.org/address/download/address-1.1.2.tgz",
      "integrity": "sha1-vxEWycdYxRt6kz0pa3LCIe2UKLY="
    },
    "ansi-regex": {
      "version": "2.1.1",
      "resolved": "https://registry.npm.taobao.org/ansi-regex/download/ansi-regex-2.1.1.tgz?cache=0&sync_timestamp=1570188663907&other_urls=https%3A%2F%2Fregistry.npm.taobao.org%2Fansi-regex%2Fdownload%2Fansi-regex-2.1.1.tgz",
      "integrity": "sha1-w7M6te42DYbg5ijwRorn7yfWVN8="
    },
    "ansi-styles": {
      "version": "2.2.1",
      "resolved": "https://registry.npm.taobao.org/ansi-styles/download/ansi-styles-2.2.1.tgz",
      "integrity": "sha1-tDLdM1i2NM914eRmQ2gkBTPB3b4="
    },
    "any-promise": {
      "version": "1.3.0",
      "resolved": "https://registry.npm.taobao.org/any-promise/download/any-promise-1.3.0.tgz",
      "integrity": "sha1-q8av7tzqUugJzcA3au0845Y10X8="
    },
    "assert": {
      "version": "2.0.0",
      "resolved": "https://registry.npm.taobao.org/assert/download/assert-2.0.0.tgz",
      "integrity": "sha1-lfwcYW1IcTUQaA8ury0Q3SLgLTI=",
      "requires": {
        "es6-object-assign": "^1.1.0",
        "is-nan": "^1.2.1",
        "object-is": "^1.0.1",
        "util": "^0.12.0"
      }
    },
    "await-event": {
      "version": "2.1.0",
      "resolved": "https://registry.npm.taobao.org/await-event/download/await-event-2.1.0.tgz",
      "integrity": "sha1-eOn5JoS65AIvn6C18xShFVD5qnY="
    },
    "await-first": {
      "version": "1.0.0",
      "resolved": "https://registry.npm.taobao.org/await-first/download/await-first-1.0.0.tgz",
      "integrity": "sha1-Bq+m23zr5BK+m+VOgt2MbLTNskE=",
      "requires": {
        "ee-first": "^1.1.1"
      }
    },
    "byte": {
      "version": "2.0.0",
      "resolved": "https://registry.npm.taobao.org/byte/download/byte-2.0.0.tgz",
      "integrity": "sha1-xhiM9+S+ktqsIvRzEvWh9kCRsYo=",
      "requires": {
        "debug": "^3.1.0",
        "long": "^4.0.0",
        "utility": "^1.13.1"
      },
      "dependencies": {
        "debug": {
          "version": "3.2.6",
          "resolved": "https://registry.npm.taobao.org/debug/download/debug-3.2.6.tgz",
          "integrity": "sha1-6D0X3hbYp++3cX7b5fsQE17uYps=",
          "requires": {
            "ms": "^2.1.1"
          }
        }
      }
    },
    "chalk": {
      "version": "1.1.3",
      "resolved": "https://registry.npm.taobao.org/chalk/download/chalk-1.1.3.tgz?cache=0&sync_timestamp=1573282918610&other_urls=https%3A%2F%2Fregistry.npm.taobao.org%2Fchalk%2Fdownload%2Fchalk-1.1.3.tgz",
      "integrity": "sha1-qBFcVeSnAv5NFQq9OHKCKn4J/Jg=",
      "requires": {
        "ansi-styles": "^2.2.1",
        "escape-string-regexp": "^1.0.2",
        "has-ansi": "^2.0.0",
        "strip-ansi": "^3.0.0",
        "supports-color": "^2.0.0"
      }
    },
    "co": {
      "version": "4.6.0",
      "resolved": "http://registry.npm.taobao.org/co/download/co-4.6.0.tgz",
      "integrity": "sha1-bqa989hTrlTMuOR7+gvz+QMfsYQ="
    },
    "copy-to": {
      "version": "2.0.1",
      "resolved": "https://registry.npm.taobao.org/copy-to/download/copy-to-2.0.1.tgz",
      "integrity": "sha1-JoD7uAaKSNCGVrYJgJK9r8kG9KU="
    },
    "core-util-is": {
      "version": "1.0.2",
      "resolved": "http://registry.npm.taobao.org/core-util-is/download/core-util-is-1.0.2.tgz",
      "integrity": "sha1-tf1UIgqivFq1eqtxQMlAdUUDwac="
    },
    "debug": {
      "version": "4.1.1",
      "resolved": "https://registry.npm.taobao.org/debug/download/debug-4.1.1.tgz",
      "integrity": "sha1-O3ImAlUQnGtYnO4FDx1RYTlmR5E=",
      "requires": {
        "ms": "^2.1.1"
      }
    },
    "define-properties": {
      "version": "1.1.3",
      "resolved": "http://registry.npm.taobao.org/define-properties/download/define-properties-1.1.3.tgz",
      "integrity": "sha1-z4jabL7ib+bbcJT2HYcMvYTO6fE=",
      "requires": {
        "object-keys": "^1.0.12"
      }
    },
    "duplexer": {
      "version": "0.1.1",
      "resolved": "http://registry.npm.taobao.org/duplexer/download/duplexer-0.1.1.tgz",
      "integrity": "sha1-rOb/gIwc5mtX0ev5eXessCM0z8E="
    },
    "ee-first": {
      "version": "1.1.1",
      "resolved": "http://registry.npm.taobao.org/ee-first/download/ee-first-1.1.1.tgz",
      "integrity": "sha1-WQxhFWsK4vTwJVcyoViyZrxWsh0="
    },
    "end-of-stream": {
      "version": "1.4.4",
      "resolved": "https://registry.npm.taobao.org/end-of-stream/download/end-of-stream-1.4.4.tgz?cache=0&sync_timestamp=1569416367473&other_urls=https%3A%2F%2Fregistry.npm.taobao.org%2Fend-of-stream%2Fdownload%2Fend-of-stream-1.4.4.tgz",
      "integrity": "sha1-WuZKX0UFe682JuwU2gyl5LJDHrA=",
      "requires": {
        "once": "^1.4.0"
      }
    },
    "es-abstract": {
      "version": "1.17.0",
      "resolved": "https://registry.npm.taobao.org/es-abstract/download/es-abstract-1.17.0.tgz?cache=0&sync_timestamp=1576883946566&other_urls=https%3A%2F%2Fregistry.npm.taobao.org%2Fes-abstract%2Fdownload%2Fes-abstract-1.17.0.tgz",
      "integrity": "sha1-9CpRfQA2pVkduyxGNZHci7UDCbE=",
      "requires": {
        "es-to-primitive": "^1.2.1",
        "function-bind": "^1.1.1",
        "has": "^1.0.3",
        "has-symbols": "^1.0.1",
        "is-callable": "^1.1.5",
        "is-regex": "^1.0.5",
        "object-inspect": "^1.7.0",
        "object-keys": "^1.1.1",
        "object.assign": "^4.1.0",
        "string.prototype.trimleft": "^2.1.1",
        "string.prototype.trimright": "^2.1.1"
      }
    },
    "es-to-primitive": {
      "version": "1.2.1",
      "resolved": "https://registry.npm.taobao.org/es-to-primitive/download/es-to-primitive-1.2.1.tgz",
      "integrity": "sha1-5VzUyc3BiLzvsDs2bHNjI/xciYo=",
      "requires": {
        "is-callable": "^1.1.4",
        "is-date-object": "^1.0.1",
        "is-symbol": "^1.0.2"
      }
    },
    "es6-object-assign": {
      "version": "1.1.0",
      "resolved": "https://registry.npm.taobao.org/es6-object-assign/download/es6-object-assign-1.1.0.tgz",
      "integrity": "sha1-wsNYJlYkfDnqEHyx5mUrb58kUjw="
    },
    "escape-html": {
      "version": "1.0.3",
      "resolved": "http://registry.npm.taobao.org/escape-html/download/escape-html-1.0.3.tgz",
      "integrity": "sha1-Aljq5NPQwJdN4cFpGI7wBR0dGYg="
    },
    "escape-string-regexp": {
      "version": "1.0.5",
      "resolved": "https://registry.npm.taobao.org/escape-string-regexp/download/escape-string-regexp-1.0.5.tgz",
      "integrity": "sha1-G2HAViGQqN/2rjuyzwIAyhMLhtQ="
    },
    "event-stream": {
      "version": "3.3.4",
      "resolved": "https://registry.npm.taobao.org/event-stream/download/event-stream-3.3.4.tgz",
      "integrity": "sha1-SrTJoPWlTbkzi0w02Gv86PSzVXE=",
      "requires": {
        "duplexer": "~0.1.1",
        "from": "~0",
        "map-stream": "~0.1.0",
        "pause-stream": "0.0.11",
        "split": "0.3",
        "stream-combiner": "~0.0.4",
        "through": "~2.3.1"
      }
    },
    "extend-shallow": {
      "version": "2.0.1",
      "resolved": "http://registry.npm.taobao.org/extend-shallow/download/extend-shallow-2.0.1.tgz",
      "integrity": "sha1-Ua99YUrZqfYQ6huvu5idaxxWiQ8=",
      "requires": {
        "is-extendable": "^0.1.0"
      }
    },
    "from": {
      "version": "0.1.7",
      "resolved": "https://registry.npm.taobao.org/from/download/from-0.1.7.tgz",
      "integrity": "sha1-g8YK/Fi5xWmXAH7Rp2izqzA6RP4="
    },
    "function-bind": {
      "version": "1.1.1",
      "resolved": "http://registry.npm.taobao.org/function-bind/download/function-bind-1.1.1.tgz",
      "integrity": "sha1-pWiZ0+o8m6uHS7l3O3xe3pL0iV0="
    },
    "graceful": {
      "version": "1.0.2",
      "resolved": "https://registry.npm.taobao.org/graceful/download/graceful-1.0.2.tgz",
      "integrity": "sha1-p1EbDSfoRANnRsTOjk8UacD6LqY=",
      "requires": {
        "humanize-ms": "^1.2.1",
        "ps-tree": "^1.1.0"
      }
    },
    "has": {
      "version": "1.0.3",
      "resolved": "http://registry.npm.taobao.org/has/download/has-1.0.3.tgz",
      "integrity": "sha1-ci18v8H2qoJB8W3YFOAR4fQeh5Y=",
      "requires": {
        "function-bind": "^1.1.1"
      }
    },
    "has-ansi": {
      "version": "2.0.0",
      "resolved": "https://registry.npm.taobao.org/has-ansi/download/has-ansi-2.0.0.tgz?cache=0&sync_timestamp=1568144533484&other_urls=https%3A%2F%2Fregistry.npm.taobao.org%2Fhas-ansi%2Fdownload%2Fhas-ansi-2.0.0.tgz",
      "integrity": "sha1-NPUEnOHs3ysGSa8+8k5F7TVBbZE=",
      "requires": {
        "ansi-regex": "^2.0.0"
      }
    },
    "has-symbols": {
      "version": "1.0.1",
      "resolved": "https://registry.npm.taobao.org/has-symbols/download/has-symbols-1.0.1.tgz?cache=0&sync_timestamp=1573950719586&other_urls=https%3A%2F%2Fregistry.npm.taobao.org%2Fhas-symbols%2Fdownload%2Fhas-symbols-1.0.1.tgz",
      "integrity": "sha1-n1IUdYpEGWxAbZvXbOv4HsLdMeg="
    },
    "hash-sum": {
      "version": "1.0.2",
      "resolved": "https://registry.npm.taobao.org/hash-sum/download/hash-sum-1.0.2.tgz",
      "integrity": "sha1-M7QHd3VMZDJXPBIMw4CLvRDUfwQ="
    },
    "he": {
      "version": "1.2.0",
      "resolved": "http://registry.npm.taobao.org/he/download/he-1.2.0.tgz",
      "integrity": "sha1-hK5l+n6vsWX922FWauFLrwVmTw8="
    },
    "humanize-ms": {
      "version": "1.2.1",
      "resolved": "https://registry.npm.taobao.org/humanize-ms/download/humanize-ms-1.2.1.tgz",
      "integrity": "sha1-xG4xWaKT9riW2ikxbYtv6Lt5u+0=",
      "requires": {
        "ms": "^2.0.0"
      }
    },
    "inherits": {
      "version": "2.0.4",
      "resolved": "https://registry.npm.taobao.org/inherits/download/inherits-2.0.4.tgz",
      "integrity": "sha1-D6LGT5MpF8NDOg3tVTY6rjdBa3w="
    },
    "is-arguments": {
      "version": "1.0.4",
      "resolved": "https://registry.npm.taobao.org/is-arguments/download/is-arguments-1.0.4.tgz",
      "integrity": "sha1-P6+WbHy6D/Q3+zH2JQCC/PBEjPM="
    },
    "is-callable": {
      "version": "1.1.5",
      "resolved": "https://registry.npm.taobao.org/is-callable/download/is-callable-1.1.5.tgz",
      "integrity": "sha1-9+RrWWiQRW23Tn9ul2yzJz0G+qs="
    },
    "is-class-hotfix": {
      "version": "0.0.6",
      "resolved": "https://registry.npm.taobao.org/is-class-hotfix/download/is-class-hotfix-0.0.6.tgz",
      "integrity": "sha1-pSfTH7IyeSgd3l84XHe13nCnJDU="
    },
    "is-date-object": {
      "version": "1.0.2",
      "resolved": "https://registry.npm.taobao.org/is-date-object/download/is-date-object-1.0.2.tgz?cache=0&sync_timestamp=1576729165697&other_urls=https%3A%2F%2Fregistry.npm.taobao.org%2Fis-date-object%2Fdownload%2Fis-date-object-1.0.2.tgz",
      "integrity": "sha1-vac28s2P0G0yhE53Q7+nSUw7/X4="
    },
    "is-extendable": {
      "version": "0.1.1",
      "resolved": "http://registry.npm.taobao.org/is-extendable/download/is-extendable-0.1.1.tgz",
      "integrity": "sha1-YrEQ4omkcUGOPsNqYX1HLjAd/Ik="
    },
    "is-generator-function": {
      "version": "1.0.7",
      "resolved": "https://registry.npm.taobao.org/is-generator-function/download/is-generator-function-1.0.7.tgz",
      "integrity": "sha1-0hMuUpuwAAp/gHlNS99c1eWBNSI="
    },
    "is-nan": {
      "version": "1.3.0",
      "resolved": "https://registry.npm.taobao.org/is-nan/download/is-nan-1.3.0.tgz",
      "integrity": "sha1-hdH1SC9wUcIBn1ZzzOvbBvOw2wM=",
      "requires": {
        "define-properties": "^1.1.3"
      }
    },
    "is-regex": {
      "version": "1.0.5",
      "resolved": "https://registry.npm.taobao.org/is-regex/download/is-regex-1.0.5.tgz",
      "integrity": "sha1-OdWJo1i/GJZ/cmlnEguPwa7XTq4=",
      "requires": {
        "has": "^1.0.3"
      }
    },
    "is-symbol": {
      "version": "1.0.3",
      "resolved": "https://registry.npm.taobao.org/is-symbol/download/is-symbol-1.0.3.tgz",
      "integrity": "sha1-OOEBS55jKb4N6dJKQU/XRB7GGTc=",
      "requires": {
        "has-symbols": "^1.0.1"
      }
    },
    "is-type-of": {
      "version": "1.2.1",
      "resolved": "https://registry.npm.taobao.org/is-type-of/download/is-type-of-1.2.1.tgz",
      "integrity": "sha1-4mPsOFes608oxHEw7HjbCakg+MU=",
      "requires": {
        "core-util-is": "^1.0.2",
        "is-class-hotfix": "~0.0.6",
        "isstream": "~0.1.2"
      }
    },
    "isstream": {
      "version": "0.1.2",
      "resolved": "http://registry.npm.taobao.org/isstream/download/isstream-0.1.2.tgz",
      "integrity": "sha1-R+Y/evVa+m+S4VAOaQ64uFKcCZo="
    },
    "lodash._reinterpolate": {
      "version": "3.0.0",
      "resolved": "https://registry.npm.taobao.org/lodash._reinterpolate/download/lodash._reinterpolate-3.0.0.tgz",
      "integrity": "sha1-DM8tiRZq8Ds2Y8eWU4t1rG4RTZ0="
    },
    "lodash.template": {
      "version": "4.5.0",
      "resolved": "https://registry.npm.taobao.org/lodash.template/download/lodash.template-4.5.0.tgz",
      "integrity": "sha1-+XYZXPPzR9DV9SSDVp/oAxzM6Ks=",
      "requires": {
        "lodash._reinterpolate": "^3.0.0",
        "lodash.templatesettings": "^4.0.0"
      }
    },
    "lodash.templatesettings": {
      "version": "4.2.0",
      "resolved": "https://registry.npm.taobao.org/lodash.templatesettings/download/lodash.templatesettings-4.2.0.tgz",
      "integrity": "sha1-5IExDwSdPPbUfpEq0JMTsVTw+zM=",
      "requires": {
        "lodash._reinterpolate": "^3.0.0"
      }
    },
    "lodash.uniq": {
      "version": "4.5.0",
      "resolved": "http://registry.npm.taobao.org/lodash.uniq/download/lodash.uniq-4.5.0.tgz",
      "integrity": "sha1-0CJTc662Uq3BvILklFM5qEJ1R3M="
    },
    "long": {
      "version": "4.0.0",
      "resolved": "https://registry.npm.taobao.org/long/download/long-4.0.0.tgz",
      "integrity": "sha1-mntxz7fTYaGU6lVSQckvdGjVvyg="
    },
    "map-stream": {
      "version": "0.1.0",
      "resolved": "https://registry.npm.taobao.org/map-stream/download/map-stream-0.1.0.tgz",
      "integrity": "sha1-5WqpTEyAVaFkBKBnS3jyFffI4ZQ="
    },
    "minimist": {
      "version": "0.0.8",
      "resolved": "http://registry.npm.taobao.org/minimist/download/minimist-0.0.8.tgz",
      "integrity": "sha1-hX/Kv8M5fSYluCKCYuhqp6ARsF0="
    },
    "mkdirp": {
      "version": "0.5.1",
      "resolved": "http://registry.npm.taobao.org/mkdirp/download/mkdirp-0.5.1.tgz",
      "integrity": "sha1-MAV0OOrGz3+MR2fzhkjWaX11yQM=",
      "requires": {
        "minimist": "0.0.8"
      }
    },
    "ms": {
      "version": "2.1.2",
      "resolved": "https://registry.npm.taobao.org/ms/download/ms-2.1.2.tgz?cache=0&other_urls=https%3A%2F%2Fregistry.npm.taobao.org%2Fms%2Fdownload%2Fms-2.1.2.tgz",
      "integrity": "sha1-0J0fNXtEP0kzgqjrPM0YOHKuYAk="
    },
    "mz": {
      "version": "2.7.0",
      "resolved": "https://registry.npm.taobao.org/mz/download/mz-2.7.0.tgz",
      "integrity": "sha1-lQCAV6Vsr63CvGPd5/n/aVWUjjI=",
      "requires": {
        "any-promise": "^1.0.0",
        "object-assign": "^4.0.1",
        "thenify-all": "^1.0.0"
      }
    },
    "object-assign": {
      "version": "4.1.1",
      "resolved": "http://registry.npm.taobao.org/object-assign/download/object-assign-4.1.1.tgz",
      "integrity": "sha1-IQmtx5ZYh8/AXLvUQsrIv7s2CGM="
    },
    "object-inspect": {
      "version": "1.7.0",
      "resolved": "https://registry.npm.taobao.org/object-inspect/download/object-inspect-1.7.0.tgz",
      "integrity": "sha1-9Pa9GBrXfwBrXs5gvQtvOY/3Smc="
    },
    "object-is": {
      "version": "1.0.2",
      "resolved": "https://registry.npm.taobao.org/object-is/download/object-is-1.0.2.tgz?cache=0&sync_timestamp=1576479681769&other_urls=https%3A%2F%2Fregistry.npm.taobao.org%2Fobject-is%2Fdownload%2Fobject-is-1.0.2.tgz",
      "integrity": "sha1-a4DrhP5FFJj2UAeYLwNaW0Re3sQ="
    },
    "object-keys": {
      "version": "1.1.1",
      "resolved": "https://registry.npm.taobao.org/object-keys/download/object-keys-1.1.1.tgz",
      "integrity": "sha1-HEfyct8nfzsdrwYWd9nILiMixg4="
    },
    "object.assign": {
      "version": "4.1.0",
      "resolved": "http://registry.npm.taobao.org/object.assign/download/object.assign-4.1.0.tgz",
      "integrity": "sha1-lovxEA15Vrs8oIbwBvhGs7xACNo=",
      "requires": {
        "define-properties": "^1.1.2",
        "function-bind": "^1.1.1",
        "has-symbols": "^1.0.0",
        "object-keys": "^1.0.11"
      }
    },
    "object.entries": {
      "version": "1.1.1",
      "resolved": "https://registry.npm.taobao.org/object.entries/download/object.entries-1.1.1.tgz",
      "integrity": "sha1-7hzwQVPeArsJP+wzaDkA9XzlOZs=",
      "requires": {
        "define-properties": "^1.1.3",
        "es-abstract": "^1.17.0-next.1",
        "function-bind": "^1.1.1",
        "has": "^1.0.3"
      }
    },
    "once": {
      "version": "1.4.0",
      "resolved": "http://registry.npm.taobao.org/once/download/once-1.4.0.tgz",
      "integrity": "sha1-WDsap3WWHUsROsF9nFC6753Xa9E=",
      "requires": {
        "wrappy": "1"
      }
    },
    "path-parse": {
      "version": "1.0.6",
      "resolved": "http://registry.npm.taobao.org/path-parse/download/path-parse-1.0.6.tgz",
      "integrity": "sha1-1i27VnlAXXLEc37FhgDp3c8G0kw="
    },
    "pause-stream": {
      "version": "0.0.11",
      "resolved": "https://registry.npm.taobao.org/pause-stream/download/pause-stream-0.0.11.tgz",
      "integrity": "sha1-/lo0sMvOErWqaitAPuLnO2AvFEU=",
      "requires": {
        "through": "~2.3"
      }
    },
    "ps-tree": {
      "version": "1.2.0",
      "resolved": "https://registry.npm.taobao.org/ps-tree/download/ps-tree-1.2.0.tgz",
      "integrity": "sha1-XnQluJUIc2zdTyIk0Cj3uz9yLr0=",
      "requires": {
        "event-stream": "=3.3.4"
      }
    },
    "pump": {
      "version": "3.0.0",
      "resolved": "http://registry.npm.taobao.org/pump/download/pump-3.0.0.tgz",
      "integrity": "sha1-tKIRaBW94vTh6mAjVOjHVWUQemQ=",
      "requires": {
        "end-of-stream": "^1.1.0",
        "once": "^1.3.1"
      }
    },
    "resolve": {
      "version": "1.14.2",
      "resolved": "https://registry.npm.taobao.org/resolve/download/resolve-1.14.2.tgz",
      "integrity": "sha1-2/MdD6mLHymqUWl4O5wpDLhl/qI=",
      "requires": {
        "path-parse": "^1.0.6"
      }
    },
    "safe-buffer": {
      "version": "5.2.0",
      "resolved": "https://registry.npm.taobao.org/safe-buffer/download/safe-buffer-5.2.0.tgz",
      "integrity": "sha1-t02uxJsRSPiMZLaNSbHoFcHy9Rk="
    },
    "sdk-base": {
      "version": "3.6.0",
      "resolved": "https://registry.npm.taobao.org/sdk-base/download/sdk-base-3.6.0.tgz",
      "integrity": "sha1-fO4fo6gf3GGywg0RMMh2X42Q5Yg=",
      "requires": {
        "await-event": "^2.1.0",
        "await-first": "^1.0.0",
        "co": "^4.6.0",
        "is-type-of": "^1.2.1"
      }
    },
    "serialize-javascript": {
      "version": "2.1.2",
      "resolved": "https://registry.npm.taobao.org/serialize-javascript/download/serialize-javascript-2.1.2.tgz?cache=0&other_urls=https%3A%2F%2Fregistry.npm.taobao.org%2Fserialize-javascript%2Fdownload%2Fserialize-javascript-2.1.2.tgz",
      "integrity": "sha1-7OxTsOAxe9yV73arcHS3OEeF+mE="
    },
    "source-map": {
      "version": "0.5.6",
      "resolved": "http://registry.npm.taobao.org/source-map/download/source-map-0.5.6.tgz",
      "integrity": "sha1-dc449SvwczxafwwRjYEzSiu19BI="
    },
    "split": {
      "version": "0.3.3",
      "resolved": "https://registry.npm.taobao.org/split/download/split-0.3.3.tgz",
      "integrity": "sha1-zQ7qXmOiEd//frDwkcQTPi0N0o8=",
      "requires": {
        "through": "2"
      }
    },
    "stream-combiner": {
      "version": "0.0.4",
      "resolved": "https://registry.npm.taobao.org/stream-combiner/download/stream-combiner-0.0.4.tgz",
      "integrity": "sha1-TV5DPBhSYd3mI8o/RMWGvPXErRQ=",
      "requires": {
        "duplexer": "~0.1.1"
      }
    },
    "string.prototype.trimleft": {
      "version": "2.1.1",
      "resolved": "https://registry.npm.taobao.org/string.prototype.trimleft/download/string.prototype.trimleft-2.1.1.tgz?cache=0&sync_timestamp=1576706744979&other_urls=https%3A%2F%2Fregistry.npm.taobao.org%2Fstring.prototype.trimleft%2Fdownload%2Fstring.prototype.trimleft-2.1.1.tgz",
      "integrity": "sha1-m9uKxqvW1gKxek7TIYcNL43O/HQ=",
      "requires": {
        "define-properties": "^1.1.3",
        "function-bind": "^1.1.1"
      }
    },
    "string.prototype.trimright": {
      "version": "2.1.1",
      "resolved": "https://registry.npm.taobao.org/string.prototype.trimright/download/string.prototype.trimright-2.1.1.tgz?cache=0&sync_timestamp=1576706745939&other_urls=https%3A%2F%2Fregistry.npm.taobao.org%2Fstring.prototype.trimright%2Fdownload%2Fstring.prototype.trimright-2.1.1.tgz",
      "integrity": "sha1-RAMUsVmWyGbOigNBiU1FGGIAxdk=",
      "requires": {
        "define-properties": "^1.1.3",
        "function-bind": "^1.1.1"
      }
    },
    "strip-ansi": {
      "version": "3.0.1",
      "resolved": "https://registry.npm.taobao.org/strip-ansi/download/strip-ansi-3.0.1.tgz?cache=0&sync_timestamp=1573280518303&other_urls=https%3A%2F%2Fregistry.npm.taobao.org%2Fstrip-ansi%2Fdownload%2Fstrip-ansi-3.0.1.tgz",
      "integrity": "sha1-ajhfuIU9lS1f8F0Oiq+UJ43GPc8=",
      "requires": {
        "ansi-regex": "^2.0.0"
      }
    },
    "supports-color": {
      "version": "2.0.0",
      "resolved": "https://registry.npm.taobao.org/supports-color/download/supports-color-2.0.0.tgz?cache=0&other_urls=https%3A%2F%2Fregistry.npm.taobao.org%2Fsupports-color%2Fdownload%2Fsupports-color-2.0.0.tgz",
      "integrity": "sha1-U10EXOa2Nj+kARcIRimZXp3zJMc="
    },
    "thenify": {
      "version": "3.3.0",
      "resolved": "https://registry.npm.taobao.org/thenify/download/thenify-3.3.0.tgz",
      "integrity": "sha1-5p44obq+lpsBCCB5eLn2K4hgSDk=",
      "requires": {
        "any-promise": "^1.0.0"
      }
    },
    "thenify-all": {
      "version": "1.6.0",
      "resolved": "https://registry.npm.taobao.org/thenify-all/download/thenify-all-1.6.0.tgz",
      "integrity": "sha1-GhkY1ALY/D+Y+/I02wvMjMEOlyY=",
      "requires": {
        "thenify": ">= 3.1.0 < 4"
      }
    },
    "through": {
      "version": "2.3.8",
      "resolved": "http://registry.npm.taobao.org/through/download/through-2.3.8.tgz",
      "integrity": "sha1-DdTJ/6q8NXlgsbckEV1+Doai4fU="
    },
    "unescape": {
      "version": "1.0.1",
      "resolved": "https://registry.npm.taobao.org/unescape/download/unescape-1.0.1.tgz",
      "integrity": "sha1-lW5DD2HK2KTVfYLFGPXmzF0N2pY=",
      "requires": {
        "extend-shallow": "^2.0.1"
      }
    },
    "util": {
      "version": "0.12.1",
      "resolved": "https://registry.npm.taobao.org/util/download/util-0.12.1.tgz",
      "integrity": "sha1-+QjntjPnOWx2TmlN0U5xYlbOit4=",
      "requires": {
        "inherits": "^2.0.3",
        "is-arguments": "^1.0.4",
        "is-generator-function": "^1.0.7",
        "object.entries": "^1.1.0",
        "safe-buffer": "^5.1.2"
      }
    },
    "utility": {
      "version": "1.16.3",
      "resolved": "https://registry.npm.taobao.org/utility/download/utility-1.16.3.tgz",
      "integrity": "sha1-Xf0R3nTmv92CbMShZ+YwHZL0tw0=",
      "requires": {
        "copy-to": "^2.0.1",
        "escape-html": "^1.0.3",
        "mkdirp": "^0.5.1",
        "mz": "^2.7.0",
        "unescape": "^1.0.1"
      }
    },
    "vue": {
      "version": "2.6.11",
      "resolved": "https://registry.npm.taobao.org/vue/download/vue-2.6.11.tgz?cache=0&other_urls=https%3A%2F%2Fregistry.npm.taobao.org%2Fvue%2Fdownload%2Fvue-2.6.11.tgz",
      "integrity": "sha1-dllNh31LEiNEBuhONSdcbVFBJcU="
    },
    "vue-server-renderer": {
      "version": "2.6.11",
      "resolved": "https://registry.npm.taobao.org/vue-server-renderer/download/vue-server-renderer-2.6.11.tgz",
      "integrity": "sha1-voyavGqswwmCinVcAhoF/EdLS8M=",
      "requires": {
        "chalk": "^1.1.3",
        "hash-sum": "^1.0.2",
        "he": "^1.1.0",
        "lodash.template": "^4.5.0",
        "lodash.uniq": "^4.5.0",
        "resolve": "^1.2.0",
        "serialize-javascript": "^2.1.2",
        "source-map": "0.5.6"
      }
    },
    "wrappy": {
      "version": "1.0.2",
      "resolved": "http://registry.npm.taobao.org/wrappy/download/wrappy-1.0.2.tgz",
      "integrity": "sha1-tSQ9jz7BqjXxNkYFvA0QNuMKtp8="
    }
  }
}
